
Microsoft Visual Studio Solution File, Format Version 12.00
# Visual Studio Version 17
VisualStudioVersion = 17.9.34728.123
MinimumVisualStudioVersion = 10.0.40219.1
Project("{FAE04EC0-301F-11D3-BF4B-00C04F79EFBC}") = "Practice10.1", "Practice10.1\Practice10.1.csproj", "{6071299B-623A-4FE2-B2CD-074971CF8DB2}"
EndProject
Global
	GlobalSection(SolutionConfigurationPlatforms) = preSolution
		Debug|Any CPU = Debug|Any CPU
		Release|Any CPU = Release|Any CPU
	EndGlobalSection
	GlobalSection(ProjectConfigurationPlatforms) = postSolution
		{6071299B-623A-4FE2-B2CD-074971CF8DB2}.Debug|Any CPU.ActiveCfg = Debug|Any CPU
		{6071299B-623A-4FE2-B2CD-074971CF8DB2}.Debug|Any CPU.Build.0 = Debug|Any CPU
		{6071299B-623A-4FE2-B2CD-074971CF8DB2}.Release|Any CPU.ActiveCfg = Release|Any CPU
		{6071299B-623A-4FE2-B2CD-074971CF8DB2}.Release|Any CPU.Build.0 = Release|Any CPU
	EndGlobalSection
	GlobalSection(SolutionProperties) = preSolution
		HideSolutionNode = FALSE
	EndGlobalSection
	GlobalSection(ExtensibilityGlobals) = postSolution
		SolutionGuid = {1CBF2059-D5D9-416D-8B17-9E16E5F86DAA}
	EndGlobalSection
EndGlobal
